
Microsoft Visual Studio Solution File, Format Version 12.00
# Visual Studio Version 17
VisualStudioVersion = 17.14.36414.22 d17.14
MinimumVisualStudioVersion = 10.0.40219.1
Project("{FAE04EC0-301F-11D3-BF4B-00C04F79EFBC}") = "CompSciCalculator", "CompSciCalculator.csproj", "{CCF15E94-C43F-489E-9B7E-74C7D5A476B7}"
EndProject
Global
	GlobalSection(SolutionConfigurationPlatforms) = preSolution
		Debug|Any CPU = Debug|Any CPU
		Release|Any CPU = Release|Any CPU
	EndGlobalSection
	GlobalSection(ProjectConfigurationPlatforms) = postSolution
		{CCF15E94-C43F-489E-9B7E-74C7D5A476B7}.Debug|Any CPU.ActiveCfg = Debug|Any CPU
		{CCF15E94-C43F-489E-9B7E-74C7D5A476B7}.Debug|Any CPU.Build.0 = Debug|Any CPU
		{CCF15E94-C43F-489E-9B7E-74C7D5A476B7}.Release|Any CPU.ActiveCfg = Release|Any CPU
		{CCF15E94-C43F-489E-9B7E-74C7D5A476B7}.Release|Any CPU.Build.0 = Release|Any CPU
	EndGlobalSection
	GlobalSection(SolutionProperties) = preSolution
		HideSolutionNode = FALSE
	EndGlobalSection
	GlobalSection(ExtensibilityGlobals) = postSolution
		SolutionGuid = {3B666950-B95E-46E3-940A-36BE8520D083}
	EndGlobalSection
EndGlobal
